{
  "object": {
    "pins": [
      {
        "package": "Alfred",
        "repositoryURL": "https://github.com/kiliankoe/alfred.git",
        "state": {
          "branch": null,
          "revision": "d727cad7adc6759163dbfcd498acce4f19625a07",
          "version": "2.0.0"
        }
      }
    ]
  },
  "version": 1
}
